{
    "_readme": [
        "This file locks the dependencies of your project to a known state",
        "Read more about it at https://getcomposer.org/doc/01-basic-usage.md#composer-lock-the-lock-file",
        "This file is @generated automatically"
    ],
    "hash": "3c5c946e21fd8f112541493b512a5c91",
    "content-hash": "ba9eed626cd93c19e8b94c7849847aa9",
    "packages": [
        {
            "name": "container-interop/container-interop",
            "version": "1.1.0",
            "source": {
                "type": "git",
                "url": "https://github.com/container-interop/container-interop.git",
                "reference": "fc08354828f8fd3245f77a66b9e23a6bca48297e"
            },
            "dist": {
                "type": "zip",
                "url": "https://api.github.com/repos/container-interop/container-interop/zipball/fc08354828f8fd3245f77a66b9e23a6bca48297e",
                "reference": "fc08354828f8fd3245f77a66b9e23a6bca48297e",
                "shasum": ""
            },
            "type": "library",
            "autoload": {
                "psr-4": {
                    "Interop\\Container\\": "src/Interop/Container/"
                }
            },
            "notification-url": "https://packagist.org/downloads/",
            "license": [
                "MIT"
            ],
            "description": "Promoting the interoperability of container objects (DIC, SL, etc.)",
            "time": "2014-12-30 15:22:37"
        },
        {
            "name": "sastrawi/sentence-detector",
            "version": "v1.1.0",
            "source": {
                "type": "git",
                "url": "https://github.com/sastrawi/sentence-detector.git",
                "reference": "a7741aea1b78afa0c77e4af1cf36c0eee05dab6f"
            },
            "dist": {
                "type": "zip",
                "url": "https://api.github.com/repos/sastrawi/sentence-detector/zipball/a7741aea1b78afa0c77e4af1cf36c0eee05dab6f",
                "reference": "a7741aea1b78afa0c77e4af1cf36c0eee05dab6f",
                "shasum": ""
            },
            "require": {
                "php": ">=5.3",
                "sastrawi/string-span": "~1",
                "sastrawi/trka": "~0.1"
            },
            "require-dev": {
                "behat/behat": "~3",
                "phpunit/phpunit": "~4",
                "squizlabs/php_codesniffer": "~1"
            },
            "type": "library",
            "extra": {
                "branch-alias": {
                    "dev-master": "1.0.x-dev"
                }
            },
            "autoload": {
                "psr-0": {
                    "Sastrawi\\SentenceDetector": "src"
                }
            },
            "notification-url": "https://packagist.org/downloads/",
            "license": [
                "MIT"
            ],
            "authors": [
                {
                    "name": "Andy Librian",
                    "email": "andylibrian@gmail.com",
                    "homepage": "http://andylibrian.pro",
                    "role": "Lead Developer"
                }
            ],
            "description": "PHP library that detects sentence in Bahasa Indonesia.",
            "homepage": "https://github.com/sastrawi/sentence-detector",
            "keywords": [
                "bahasa",
                "indonesia",
                "indonesian",
                "natural language processing",
                "nlp",
                "sentence detector",
                "sentence segmentation",
                "text segmentation"
            ],
            "time": "2014-11-30 13:27:19"
        },
        {
            "name": "sastrawi/string-span",
            "version": "v1.0.2",
            "source": {
                "type": "git",
                "url": "https://github.com/sastrawi/string-span.git",
                "reference": "8e927ea4bf94fcc2f678f31aa3d0a62c74b07fbe"
            },
            "dist": {
                "type": "zip",
                "url": "https://api.github.com/repos/sastrawi/string-span/zipball/8e927ea4bf94fcc2f678f31aa3d0a62c74b07fbe",
                "reference": "8e927ea4bf94fcc2f678f31aa3d0a62c74b07fbe",
                "shasum": ""
            },
            "require": {
                "php": ">=5.3"
            },
            "require-dev": {
                "phpunit/phpunit": "~4",
                "squizlabs/php_codesniffer": "~1"
            },
            "type": "library",
            "extra": {
                "branch-alias": {
                    "dev-master": "1.0.x-dev"
                }
            },
            "autoload": {
                "psr-0": {
                    "Sastrawi\\String\\Span": "src"
                }
            },
            "notification-url": "https://packagist.org/downloads/",
            "license": [
                "MIT"
            ],
            "authors": [
                {
                    "name": "Andy Librian",
                    "email": "andylibrian@gmail.com",
                    "homepage": "http://andylibrian.pro",
                    "role": "Lead Developer"
                }
            ],
            "description": "String span utility.",
            "homepage": "https://github.com/sastrawi/string-span",
            "keywords": [
                "natural language processing",
                "nlp",
                "string",
                "string span"
            ],
            "time": "2014-12-01 14:01:51"
        },
        {
            "name": "sastrawi/trka",
            "version": "v0.2.0",
            "source": {
                "type": "git",
                "url": "https://github.com/sastrawi/trka.git",
                "reference": "ff82616135204e2d29aca51c56def3330b994b1c"
            },
            "dist": {
                "type": "zip",
                "url": "https://api.github.com/repos/sastrawi/trka/zipball/ff82616135204e2d29aca51c56def3330b994b1c",
                "reference": "ff82616135204e2d29aca51c56def3330b994b1c",
                "shasum": ""
            },
            "require": {
                "php": ">=5.3",
                "sastrawi/string-span": "~1",
                "zendframework/zend-uri": "~2",
                "zendframework/zend-validator": "~2"
            },
            "require-dev": {
                "behat/behat": "~3",
                "phpunit/phpunit": "~4",
                "squizlabs/php_codesniffer": "~1"
            },
            "type": "library",
            "extra": {
                "branch-alias": {
                    "dev-master": "0.1.x-dev"
                }
            },
            "autoload": {
                "psr-0": {
                    "Sastrawi\\Trka": "src"
                }
            },
            "notification-url": "https://packagist.org/downloads/",
            "license": [
                "MIT"
            ],
            "authors": [
                {
                    "name": "Andy Librian",
                    "email": "andylibrian@gmail.com",
                    "homepage": "http://andylibrian.pro",
                    "role": "Lead Developer"
                }
            ],
            "description": "PHP library that guess entity in Bahasa Indonesia.",
            "homepage": "https://github.com/sastrawi/trka",
            "keywords": [
                "bahasa",
                "indonesia",
                "indonesian",
                "named entity detector",
                "natural language processing",
                "nlp"
            ],
            "time": "2014-12-04 05:39:36"
        },
        {
            "name": "zendframework/zend-escaper",
            "version": "2.5.1",
            "source": {
                "type": "git",
                "url": "https://github.com/zendframework/zend-escaper.git",
                "reference": "a4b227d8a477f4e7e9073f8e0a7ae7dbd3104a73"
            },
            "dist": {
                "type": "zip",
                "url": "https://api.github.com/repos/zendframework/zend-escaper/zipball/a4b227d8a477f4e7e9073f8e0a7ae7dbd3104a73",
                "reference": "a4b227d8a477f4e7e9073f8e0a7ae7dbd3104a73",
                "shasum": ""
            },
            "require": {
                "php": ">=5.3.23"
            },
            "require-dev": {
                "fabpot/php-cs-fixer": "1.7.*",
                "phpunit/phpunit": "~4.0"
            },
            "type": "library",
            "extra": {
                "branch-alias": {
                    "dev-master": "2.5-dev",
                    "dev-develop": "2.6-dev"
                }
            },
            "autoload": {
                "psr-4": {
                    "Zend\\Escaper\\": "src/"
                }
            },
            "notification-url": "https://packagist.org/downloads/",
            "license": [
                "BSD-3-Clause"
            ],
            "homepage": "https://github.com/zendframework/zend-escaper",
            "keywords": [
                "escaper",
                "zf2"
            ],
            "time": "2015-06-03 14:05:37"
        },
        {
            "name": "zendframework/zend-stdlib",
            "version": "3.0.0",
            "source": {
                "type": "git",
                "url": "https://github.com/zendframework/zend-stdlib.git",
                "reference": "22eb098958980fbbe6b9a06f209f5a4b496cc0c1"
            },
            "dist": {
                "type": "zip",
                "url": "https://api.github.com/repos/zendframework/zend-stdlib/zipball/22eb098958980fbbe6b9a06f209f5a4b496cc0c1",
                "reference": "22eb098958980fbbe6b9a06f209f5a4b496cc0c1",
                "shasum": ""
            },
            "require": {
                "php": "^5.5 || ^7.0"
            },
            "require-dev": {
                "athletic/athletic": "~0.1",
                "fabpot/php-cs-fixer": "1.7.*",
                "phpunit/phpunit": "~4.0"
            },
            "type": "library",
            "extra": {
                "branch-alias": {
                    "dev-master": "3.0-dev",
                    "dev-develop": "3.1-dev"
                }
            },
            "autoload": {
                "psr-4": {
                    "Zend\\Stdlib\\": "src/"
                }
            },
            "notification-url": "https://packagist.org/downloads/",
            "license": [
                "BSD-3-Clause"
            ],
            "homepage": "https://github.com/zendframework/zend-stdlib",
            "keywords": [
                "stdlib",
                "zf2"
            ],
            "time": "2016-02-03 16:53:37"
        },
        {
            "name": "zendframework/zend-uri",
            "version": "2.5.2",
            "source": {
                "type": "git",
                "url": "https://github.com/zendframework/zend-uri.git",
                "reference": "0bf717a239432b1a1675ae314f7c4acd742749ed"
            },
            "dist": {
                "type": "zip",
                "url": "https://api.github.com/repos/zendframework/zend-uri/zipball/0bf717a239432b1a1675ae314f7c4acd742749ed",
                "reference": "0bf717a239432b1a1675ae314f7c4acd742749ed",
                "shasum": ""
            },
            "require": {
                "php": "^5.5 || ^7.0",
                "zendframework/zend-escaper": "^2.5",
                "zendframework/zend-validator": "^2.5"
            },
            "require-dev": {
                "fabpot/php-cs-fixer": "1.7.*",
                "phpunit/phpunit": "~4.0"
            },
            "type": "library",
            "extra": {
                "branch-alias": {
                    "dev-master": "2.5-dev",
                    "dev-develop": "2.6-dev"
                }
            },
            "autoload": {
                "psr-4": {
                    "Zend\\Uri\\": "src/"
                }
            },
            "notification-url": "https://packagist.org/downloads/",
            "license": [
                "BSD-3-Clause"
            ],
            "description": "a component that aids in manipulating and validating » Uniform Resource Identifiers (URIs)",
            "homepage": "https://github.com/zendframework/zend-uri",
            "keywords": [
                "uri",
                "zf2"
            ],
            "time": "2016-02-17 22:38:51"
        },
        {
            "name": "zendframework/zend-validator",
            "version": "2.6.0",
            "source": {
                "type": "git",
                "url": "https://github.com/zendframework/zend-validator.git",
                "reference": "1315fead53358054e3f5fcf440c1a4cd5f0724db"
            },
            "dist": {
                "type": "zip",
                "url": "https://api.github.com/repos/zendframework/zend-validator/zipball/1315fead53358054e3f5fcf440c1a4cd5f0724db",
                "reference": "1315fead53358054e3f5fcf440c1a4cd5f0724db",
                "shasum": ""
            },
            "require": {
                "container-interop/container-interop": "^1.1",
                "php": "^5.5 || ^7.0",
                "zendframework/zend-stdlib": "^2.7 || ^3.0"
            },
            "require-dev": {
                "fabpot/php-cs-fixer": "1.7.*",
                "phpunit/phpunit": "^4.0",
                "zendframework/zend-cache": "^2.6.1",
                "zendframework/zend-config": "^2.6",
                "zendframework/zend-db": "^2.5",
                "zendframework/zend-filter": "^2.6",
                "zendframework/zend-http": "^2.5.4",
                "zendframework/zend-i18n": "^2.6",
                "zendframework/zend-math": "^2.6",
                "zendframework/zend-servicemanager": "^2.7.5 || ^3.0.3",
                "zendframework/zend-session": "^2.5",
                "zendframework/zend-uri": "^2.5"
            },
            "suggest": {
                "zendframework/zend-db": "Zend\\Db component",
                "zendframework/zend-filter": "Zend\\Filter component, required by the Digits validator",
                "zendframework/zend-i18n": "Zend\\I18n component to allow translation of validation error messages as well as to use the various Date validators",
                "zendframework/zend-i18n-resources": "Translations of validator messages",
                "zendframework/zend-math": "Zend\\Math component",
                "zendframework/zend-servicemanager": "Zend\\ServiceManager component to allow using the ValidatorPluginManager and validator chains",
                "zendframework/zend-session": "Zend\\Session component",
                "zendframework/zend-uri": "Zend\\Uri component, required by the Uri and Sitemap\\Loc validators"
            },
            "type": "library",
            "extra": {
                "branch-alias": {
                    "dev-master": "2.6-dev",
                    "dev-develop": "2.7-dev"
                }
            },
            "autoload": {
                "psr-4": {
                    "Zend\\Validator\\": "src/"
                }
            },
            "notification-url": "https://packagist.org/downloads/",
            "license": [
                "BSD-3-Clause"
            ],
            "description": "provides a set of commonly needed validators",
            "homepage": "https://github.com/zendframework/zend-validator",
            "keywords": [
                "validator",
                "zf2"
            ],
            "time": "2016-02-17 17:59:34"
        }
    ],
    "packages-dev": [],
    "aliases": [],
    "minimum-stability": "stable",
    "stability-flags": [],
    "prefer-stable": false,
    "prefer-lowest": false,
    "platform": [],
    "platform-dev": []
}
